lockfile_version: '1'
generated_at: '2026-07-25T21:13:30.906338+00:00'
apm_version: 0.26.0
dependencies:
- repo_url: _local/dev
  name: odu-dev
  version: 1.0.0
  package_type: apm_package
  deployed_files:
  - .claude/rules/surface-docs-sync.md
  deployed_file_hashes:
    .claude/rules/surface-docs-sync.md: sha256:be464c63e9007b32768796bf67d42047d0148bfb3fa22a26d93c89914bef5d09
  source: local
  local_path: ./dev
  is_dev: true
- repo_url: juspay/kolu
  name: agents
  host: github.com
  resolved_commit: cab6a82702ded15634886c290698088944111876
  resolved_ref: master
  version: 0.1.0
  virtual_path: agents
  is_virtual: true
  package_type: apm_package
  deployed_files:
  - .claude/skills/agent-debate
  - .claude/skills/agent-debate/ANSWER.md
  - .claude/skills/agent-debate/REVIEW.md
  - .claude/skills/agent-debate/SKILL.md
  - .claude/skills/architecture-first-principles
  - .claude/skills/architecture-first-principles/SKILL.md
  - .claude/skills/be
  - .claude/skills/be-review
  - .claude/skills/be-review/RATIONALE.md
  - .claude/skills/be-review/SKILL.md
  - .claude/skills/be/SKILL.md
  - .claude/skills/bridge
  - .claude/skills/bridge/SKILL.md
  - .claude/skills/bridge/dashboard/index.html
  - .claude/skills/bridge/dashboard/index.js
  - .claude/skills/bridge/dashboard/red-alert.mp3
  - .claude/skills/diataxis
  - .claude/skills/diataxis/SKILL.md
  - .claude/skills/kolu
  - .claude/skills/kolu/SKILL.md
  - .claude/skills/kolu/TUI.md
  - .claude/skills/lens-debate
  - .claude/skills/lens-debate/RATIONALE.md
  - .claude/skills/lens-debate/SKILL.md
  - .claude/skills/perfection-review
  - .claude/skills/perfection-review/SKILL.md
  - .claude/skills/surface
  - .claude/skills/surface/SKILL.md
  deployed_file_hashes:
    .claude/skills/agent-debate/ANSWER.md: sha256:47456419d24ab041d69dd85ddfb1d640fa8a26410eba24f2f6a7715276900b52
    .claude/skills/agent-debate/REVIEW.md: sha256:026eb88a4e29e521d9a0209bf9f83d0684f4231b8a10b772e9565cbd0713d82e
    .claude/skills/agent-debate/SKILL.md: sha256:93ae58579a3674ef53e196a19bd2511a07d4d05e57eee24eb2dc78736e5806e0
    .claude/skills/architecture-first-principles/SKILL.md: sha256:f91c89a3546235fb8f2e95489d9a943a540fb4477af37fe4512d731f9e9f312f
    .claude/skills/be-review/RATIONALE.md: sha256:cac9be3c3be87dae93442ed2b6f0549c7d1710fbf4fa9ac2437455810cbcab7a
    .claude/skills/be-review/SKILL.md: sha256:254f4aa6e1aa0bd9b2a5d5e8a6cc8e15238f1cec0266bfcf6c94ce3c6c48cde5
    .claude/skills/be/SKILL.md: sha256:43a343aeee556da0051d3066ad20a5e97c58d4d8d1de6d94f75000b2ced058f5
    .claude/skills/bridge/SKILL.md: sha256:f9220d5e89b38bc6370cf9e601229992aa1f642fae3ef6d92d9c5a884d5b1cca
    .claude/skills/bridge/dashboard/index.html: sha256:7289bb60245087ce5b57c833bd8bb2b766153cec31b92a413647547b3e9742b0
    .claude/skills/bridge/dashboard/index.js: sha256:f58c4b996f6b9df7f13f30fbd061404cbc95ab3e5881f53066cde199f3501f38
    .claude/skills/bridge/dashboard/red-alert.mp3: sha256:61a535db70bb68738df7929c29b11a3bcb11ca23bf5eb7793a0b84f3e699e0fb
    .claude/skills/diataxis/SKILL.md: sha256:596e06f555aa0218ea2138270ceb3419584038a519ba43c8ff1823bf597d9aa6
    .claude/skills/kolu/SKILL.md: sha256:4688c89300aca3571358285502c0dbb8612656020baee760c86f34ff6b979291
    .claude/skills/kolu/TUI.md: sha256:e7a206b1f1d2738bdaf2e2af3bdfdb785da94872df03d45e7ac47ae92361244c
    .claude/skills/lens-debate/RATIONALE.md: sha256:5d27af06f554fb81fc344450f2d5031a097287c3282f19945eec2b55712a656a
    .claude/skills/lens-debate/SKILL.md: sha256:831fa9c049e0bd12ac5a432f488369c9655ff0e0b92fb014bfcab0728461bd6d
    .claude/skills/perfection-review/SKILL.md: sha256:81e96416552beaa8a59299007bfd0280e008c2b41290cb2f9b7e8efa20ec0056
    .claude/skills/surface/SKILL.md: sha256:2bb20756fe7292b5b6f00ed77cb7f9d4239c41d6751bf460a93266927f112eea
  content_hash: sha256:b6a9ec18e873a111552ff7c12d324efb8a8fdecc116e4ecd012f469c6ffe88af
  is_dev: true
- repo_url: srid/agency
  name: agency
  host: github.com
  resolved_commit: f360f59a2634da2e83772d37b356bc4fd86c9d50
  resolved_ref: master
  version: 1.0.0
  package_type: apm_package
  deployed_files:
  - .claude/agents/hickey.md
  - .claude/agents/lowy.md
  - .claude/hooks/agency/scripts/do-stop-guard.sh
  - .claude/rules/apm-sources.md
  - .claude/skills/code-police
  - .claude/skills/code-police/SKILL.md
  - .claude/skills/do
  - .claude/skills/do/RATIONALE.md
  - .claude/skills/do/RESULTS.md
  - .claude/skills/do/SKILL.md
  - .claude/skills/do/scripts/do-results
  - .claude/skills/do/scripts/steps/done
  - .claude/skills/do/scripts/steps/sync
  - .claude/skills/elegance
  - .claude/skills/elegance/SKILL.md
  - .claude/skills/fact-check
  - .claude/skills/fact-check/SKILL.md
  - .claude/skills/forge-pr
  - .claude/skills/forge-pr/EXAMPLES.md
  - .claude/skills/forge-pr/SKILL.md
  - .claude/skills/hickey
  - .claude/skills/hickey/SKILL.md
  - .claude/skills/hickey/transcript.md
  - .claude/skills/lowy
  - .claude/skills/lowy/SKILL.md
  - .claude/skills/ralph
  - .claude/skills/ralph/SKILL.md
  - .claude/skills/talk
  - .claude/skills/talk/SKILL.md
  deployed_file_hashes:
    .claude/agents/hickey.md: sha256:10d9a4350a85752dc6658af8e0efb3d8be41803a2b6c73464e3d5b7a840435ad
    .claude/agents/lowy.md: sha256:05aff7f6a91149a42c1fb9a3ca382a6f77bc39ac8a8d45436d443dd3349fb11e
    .claude/hooks/agency/scripts/do-stop-guard.sh: sha256:cb033f86c15ffd3d09d8e4b74a61f55a70def4cc4131cc013b7368a2d23f3f33
    .claude/rules/apm-sources.md: sha256:0d34f182279b93803855bd7f7b27a57e7cf3117ce4291d31a46294c629ee75d5
    .claude/skills/code-police/SKILL.md: sha256:8d188754eaf56063de720a0c02fa927db3b56ff5fa30d0e612893ca8798da899
    .claude/skills/do/RATIONALE.md: sha256:1b4bbc2fa72570d7b73f208f85b4cc1cae121a3e2e10c8598bc7353e2868588d
    .claude/skills/do/RESULTS.md: sha256:00353a10c75634ac178ae41d2f53ea05c2f138995c09b37df2b0e10480f6b746
    .claude/skills/do/SKILL.md: sha256:3ca71a1eb829eef49e56ddb77b951b6d2c8e265055de3f4034aaf7b8fe23352b
    .claude/skills/do/scripts/do-results: sha256:2684dfce9cc7e4314d56c39edd5495628ac65d0631860e27e11f17fdcc0c7d49
    .claude/skills/do/scripts/steps/done: sha256:03513d90bea1357eef3379c5b4fee5e46fe2d67b41fe8cf8b52d4beba4c73c72
    .claude/skills/do/scripts/steps/sync: sha256:88fc95c548b183b766df02285038bf12d43fd06ae32b9a15f57dd741d9c83466
    .claude/skills/elegance/SKILL.md: sha256:f330bf7e37034587f717e3a3d6453bd04ba80522fd9bdf8921a7140c7d5d3a3c
    .claude/skills/fact-check/SKILL.md: sha256:6c4280ef618d27c278fc34365d336b1f889afb5b92f06ef6199fafe5a11304c0
    .claude/skills/forge-pr/EXAMPLES.md: sha256:68497f3b6e73dd736736887b9798192f486ac20d7ef61c1ff9cd29f9dfa40222
    .claude/skills/forge-pr/SKILL.md: sha256:c79d167bfc1686b15ae4a95416e26050b2ffc93d2f3dae48fde5d01746d757f3
    .claude/skills/hickey/SKILL.md: sha256:6eccc8ef4a2368c8ca898abde4b8a94451b844bb9cc082767a718fa2796c29ef
    .claude/skills/hickey/transcript.md: sha256:c7da3fda455cc17adc5788984954baf95a354f2e83367bff0efd1b01f45a96a3
    .claude/skills/lowy/SKILL.md: sha256:9f17781cbe4f3e912f6a9d493e218e14cd1324d20228c64ba7ef07b7258d76db
    .claude/skills/ralph/SKILL.md: sha256:1b2c547102584c87384b90b291536bedc0494dcb8382ac776bd0a3cec0fe1b4a
    .claude/skills/talk/SKILL.md: sha256:ba059751cd4b3c1c52221554719bfe1fc5da56540694cb8e793ae0c19e210377
  content_hash: sha256:674d501abcc3278b88088e08e36b24b122fea8f78bbc72e8a8b493918bc2fcc3
  is_dev: true
  declared_license: MIT
- repo_url: juspay/odu
  name: odu
  host: github.com
  resolved_commit: 3f6ec33f558e092079b32f888e91e3fb74283f10
  version: 1.0.0
  depth: 2
  resolved_by: juspay/kolu
  package_type: apm_package
  deployed_files:
  - .claude/skills/odu
  - .claude/skills/odu-mcp
  - .claude/skills/odu-mcp/SKILL.md
  - .claude/skills/odu-mcp/bin/serve
  - .claude/skills/odu/SKILL.md
  deployed_file_hashes:
    .claude/skills/odu-mcp/SKILL.md: sha256:429d55a46af84fb231b47fc95fd65706ea2282ed05b5dc59d2acacba0a3c8765
    .claude/skills/odu-mcp/bin/serve: sha256:6152e8fc4d3478b70a5cd547c172be596787e600b5757233fb82b307186b9e26
    .claude/skills/odu/SKILL.md: sha256:7fab2d6c20f311549f2cd4b018383cf3317e860ed936f59eea1cad899f10bc50
  content_hash: sha256:aad0925c472a4ca737b801e2b6465cb04bb9c1fb69ea2ce8acdd26b978f1fe24
  is_dev: true
- repo_url: juspay/project-unknown
  name: project-unknown
  host: github.com
  resolved_commit: f579cb462244f7f80680cf3ecff6ef6109e58713
  version: 1.0.0
  depth: 2
  resolved_by: juspay/kolu
  package_type: apm_package
  deployed_files:
  - .claude/skills/pu
  - .claude/skills/pu/SKILL.md
  deployed_file_hashes:
    .claude/skills/pu/SKILL.md: sha256:8d454e5105c9e1d74ffb9cfde5d08cadcbd73b62da9ffadf1127b79dcd505e97
  content_hash: sha256:7a43cff3a034a5aca915c82369ae5fe242a9b625e8bcd56388af5e22e6fb9c23
  is_dev: true
  declared_license: MIT
deployments:
- kind: project-relative
  target: claude
  value: .claude/agents/hickey.md
  runtime: null
  scope: project
  owners:
  - srid/agency
  active_owner: srid/agency
  content_hash: sha256:10d9a4350a85752dc6658af8e0efb3d8be41803a2b6c73464e3d5b7a840435ad
- kind: project-relative
  target: claude
  value: .claude/agents/lowy.md
  runtime: null
  scope: project
  owners:
  - srid/agency
  active_owner: srid/agency
  content_hash: sha256:05aff7f6a91149a42c1fb9a3ca382a6f77bc39ac8a8d45436d443dd3349fb11e
- kind: project-relative
  target: claude
  value: .claude/hooks/agency/scripts/do-stop-guard.sh
  runtime: null
  scope: project
  owners:
  - srid/agency
  active_owner: srid/agency
  content_hash: sha256:cb033f86c15ffd3d09d8e4b74a61f55a70def4cc4131cc013b7368a2d23f3f33
- kind: project-relative
  target: claude
  value: .claude/rules/apm-sources.md
  runtime: null
  scope: project
  owners:
  - srid/agency
  active_owner: srid/agency
  content_hash: sha256:0d34f182279b93803855bd7f7b27a57e7cf3117ce4291d31a46294c629ee75d5
- kind: project-relative
  target: claude
  value: .claude/rules/surface-docs-sync.md
  runtime: null
  scope: project
  owners:
  - ./dev
  active_owner: ./dev
  content_hash: sha256:be464c63e9007b32768796bf67d42047d0148bfb3fa22a26d93c89914bef5d09
- kind: project-relative
  target: claude
  value: .claude/skills/agent-debate
  runtime: null
  scope: project
  owners:
  - juspay/kolu/agents
  active_owner: juspay/kolu/agents
  content_hash: null
- kind: project-relative
  target: claude
  value: .claude/skills/agent-debate/ANSWER.md
  runtime: null
  scope: project
  owners:
  - juspay/kolu/agents
  active_owner: juspay/kolu/agents
  content_hash: sha256:47456419d24ab041d69dd85ddfb1d640fa8a26410eba24f2f6a7715276900b52
- kind: project-relative
  target: claude
  value: .claude/skills/agent-debate/REVIEW.md
  runtime: null
  scope: project
  owners:
  - juspay/kolu/agents
  active_owner: juspay/kolu/agents
  content_hash: sha256:026eb88a4e29e521d9a0209bf9f83d0684f4231b8a10b772e9565cbd0713d82e
- kind: project-relative
  target: claude
  value: .claude/skills/agent-debate/SKILL.md
  runtime: null
  scope: project
  owners:
  - juspay/kolu/agents
  active_owner: juspay/kolu/agents
  content_hash: sha256:93ae58579a3674ef53e196a19bd2511a07d4d05e57eee24eb2dc78736e5806e0
- kind: project-relative
  target: claude
  value: .claude/skills/architecture-first-principles
  runtime: null
  scope: project
  owners:
  - juspay/kolu/agents
  active_owner: juspay/kolu/agents
  content_hash: null
- kind: project-relative
  target: claude
  value: .claude/skills/architecture-first-principles/SKILL.md
  runtime: null
  scope: project
  owners:
  - juspay/kolu/agents
  active_owner: juspay/kolu/agents
  content_hash: sha256:f91c89a3546235fb8f2e95489d9a943a540fb4477af37fe4512d731f9e9f312f
- kind: project-relative
  target: claude
  value: .claude/skills/be
  runtime: null
  scope: project
  owners:
  - juspay/kolu/agents
  active_owner: juspay/kolu/agents
  content_hash: null
- kind: project-relative
  target: claude
  value: .claude/skills/be-review
  runtime: null
  scope: project
  owners:
  - juspay/kolu/agents
  active_owner: juspay/kolu/agents
  content_hash: null
- kind: project-relative
  target: claude
  value: .claude/skills/be-review/RATIONALE.md
  runtime: null
  scope: project
  owners:
  - juspay/kolu/agents
  active_owner: juspay/kolu/agents
  content_hash: sha256:cac9be3c3be87dae93442ed2b6f0549c7d1710fbf4fa9ac2437455810cbcab7a
- kind: project-relative
  target: claude
  value: .claude/skills/be-review/SKILL.md
  runtime: null
  scope: project
  owners:
  - juspay/kolu/agents
  active_owner: juspay/kolu/agents
  content_hash: sha256:254f4aa6e1aa0bd9b2a5d5e8a6cc8e15238f1cec0266bfcf6c94ce3c6c48cde5
- kind: project-relative
  target: claude
  value: .claude/skills/be/SKILL.md
  runtime: null
  scope: project
  owners:
  - juspay/kolu/agents
  active_owner: juspay/kolu/agents
  content_hash: sha256:43a343aeee556da0051d3066ad20a5e97c58d4d8d1de6d94f75000b2ced058f5
- kind: project-relative
  target: claude
  value: .claude/skills/bridge
  runtime: null
  scope: project
  owners:
  - juspay/kolu/agents
  active_owner: juspay/kolu/agents
  content_hash: null
- kind: project-relative
  target: claude
  value: .claude/skills/bridge/SKILL.md
  runtime: null
  scope: project
  owners:
  - juspay/kolu/agents
  active_owner: juspay/kolu/agents
  content_hash: sha256:f9220d5e89b38bc6370cf9e601229992aa1f642fae3ef6d92d9c5a884d5b1cca
- kind: project-relative
  target: claude
  value: .claude/skills/bridge/dashboard/index.html
  runtime: null
  scope: project
  owners:
  - juspay/kolu/agents
  active_owner: juspay/kolu/agents
  content_hash: sha256:7289bb60245087ce5b57c833bd8bb2b766153cec31b92a413647547b3e9742b0
- kind: project-relative
  target: claude
  value: .claude/skills/bridge/dashboard/index.js
  runtime: null
  scope: project
  owners:
  - juspay/kolu/agents
  active_owner: juspay/kolu/agents
  content_hash: sha256:f58c4b996f6b9df7f13f30fbd061404cbc95ab3e5881f53066cde199f3501f38
- kind: project-relative
  target: claude
  value: .claude/skills/bridge/dashboard/red-alert.mp3
  runtime: null
  scope: project
  owners:
  - juspay/kolu/agents
  active_owner: juspay/kolu/agents
  content_hash: sha256:61a535db70bb68738df7929c29b11a3bcb11ca23bf5eb7793a0b84f3e699e0fb
- kind: project-relative
  target: claude
  value: .claude/skills/code-police
  runtime: null
  scope: project
  owners:
  - srid/agency
  active_owner: srid/agency
  content_hash: null
- kind: project-relative
  target: claude
  value: .claude/skills/code-police/SKILL.md
  runtime: null
  scope: project
  owners:
  - srid/agency
  active_owner: srid/agency
  content_hash: sha256:8d188754eaf56063de720a0c02fa927db3b56ff5fa30d0e612893ca8798da899
- kind: project-relative
  target: claude
  value: .claude/skills/diataxis
  runtime: null
  scope: project
  owners:
  - juspay/kolu/agents
  active_owner: juspay/kolu/agents
  content_hash: null
- kind: project-relative
  target: claude
  value: .claude/skills/diataxis/SKILL.md
  runtime: null
  scope: project
  owners:
  - juspay/kolu/agents
  active_owner: juspay/kolu/agents
  content_hash: sha256:596e06f555aa0218ea2138270ceb3419584038a519ba43c8ff1823bf597d9aa6
- kind: project-relative
  target: claude
  value: .claude/skills/do
  runtime: null
  scope: project
  owners:
  - srid/agency
  active_owner: srid/agency
  content_hash: null
- kind: project-relative
  target: claude
  value: .claude/skills/do/RATIONALE.md
  runtime: null
  scope: project
  owners:
  - srid/agency
  active_owner: srid/agency
  content_hash: sha256:1b4bbc2fa72570d7b73f208f85b4cc1cae121a3e2e10c8598bc7353e2868588d
- kind: project-relative
  target: claude
  value: .claude/skills/do/RESULTS.md
  runtime: null
  scope: project
  owners:
  - srid/agency
  active_owner: srid/agency
  content_hash: sha256:00353a10c75634ac178ae41d2f53ea05c2f138995c09b37df2b0e10480f6b746
- kind: project-relative
  target: claude
  value: .claude/skills/do/SKILL.md
  runtime: null
  scope: project
  owners:
  - srid/agency
  active_owner: srid/agency
  content_hash: sha256:3ca71a1eb829eef49e56ddb77b951b6d2c8e265055de3f4034aaf7b8fe23352b
- kind: project-relative
  target: claude
  value: .claude/skills/do/scripts/do-results
  runtime: null
  scope: project
  owners:
  - srid/agency
  active_owner: srid/agency
  content_hash: sha256:2684dfce9cc7e4314d56c39edd5495628ac65d0631860e27e11f17fdcc0c7d49
- kind: project-relative
  target: claude
  value: .claude/skills/do/scripts/steps/done
  runtime: null
  scope: project
  owners:
  - srid/agency
  active_owner: srid/agency
  content_hash: sha256:03513d90bea1357eef3379c5b4fee5e46fe2d67b41fe8cf8b52d4beba4c73c72
- kind: project-relative
  target: claude
  value: .claude/skills/do/scripts/steps/sync
  runtime: null
  scope: project
  owners:
  - srid/agency
  active_owner: srid/agency
  content_hash: sha256:88fc95c548b183b766df02285038bf12d43fd06ae32b9a15f57dd741d9c83466
- kind: project-relative
  target: claude
  value: .claude/skills/elegance
  runtime: null
  scope: project
  owners:
  - srid/agency
  active_owner: srid/agency
  content_hash: null
- kind: project-relative
  target: claude
  value: .claude/skills/elegance/SKILL.md
  runtime: null
  scope: project
  owners:
  - srid/agency
  active_owner: srid/agency
  content_hash: sha256:f330bf7e37034587f717e3a3d6453bd04ba80522fd9bdf8921a7140c7d5d3a3c
- kind: project-relative
  target: claude
  value: .claude/skills/fact-check
  runtime: null
  scope: project
  owners:
  - srid/agency
  active_owner: srid/agency
  content_hash: null
- kind: project-relative
  target: claude
  value: .claude/skills/fact-check/SKILL.md
  runtime: null
  scope: project
  owners:
  - srid/agency
  active_owner: srid/agency
  content_hash: sha256:6c4280ef618d27c278fc34365d336b1f889afb5b92f06ef6199fafe5a11304c0
- kind: project-relative
  target: claude
  value: .claude/skills/forge-pr
  runtime: null
  scope: project
  owners:
  - srid/agency
  active_owner: srid/agency
  content_hash: null
- kind: project-relative
  target: claude
  value: .claude/skills/forge-pr/EXAMPLES.md
  runtime: null
  scope: project
  owners:
  - srid/agency
  active_owner: srid/agency
  content_hash: sha256:68497f3b6e73dd736736887b9798192f486ac20d7ef61c1ff9cd29f9dfa40222
- kind: project-relative
  target: claude
  value: .claude/skills/forge-pr/SKILL.md
  runtime: null
  scope: project
  owners:
  - srid/agency
  active_owner: srid/agency
  content_hash: sha256:c79d167bfc1686b15ae4a95416e26050b2ffc93d2f3dae48fde5d01746d757f3
- kind: project-relative
  target: claude
  value: .claude/skills/hickey
  runtime: null
  scope: project
  owners:
  - srid/agency
  active_owner: srid/agency
  content_hash: null
- kind: project-relative
  target: claude
  value: .claude/skills/hickey/SKILL.md
  runtime: null
  scope: project
  owners:
  - srid/agency
  active_owner: srid/agency
  content_hash: sha256:6eccc8ef4a2368c8ca898abde4b8a94451b844bb9cc082767a718fa2796c29ef
- kind: project-relative
  target: claude
  value: .claude/skills/hickey/transcript.md
  runtime: null
  scope: project
  owners:
  - srid/agency
  active_owner: srid/agency
  content_hash: sha256:c7da3fda455cc17adc5788984954baf95a354f2e83367bff0efd1b01f45a96a3
- kind: project-relative
  target: claude
  value: .claude/skills/kolu
  runtime: null
  scope: project
  owners:
  - juspay/kolu/agents
  active_owner: juspay/kolu/agents
  content_hash: null
- kind: project-relative
  target: claude
  value: .claude/skills/kolu/SKILL.md
  runtime: null
  scope: project
  owners:
  - juspay/kolu/agents
  active_owner: juspay/kolu/agents
  content_hash: sha256:4688c89300aca3571358285502c0dbb8612656020baee760c86f34ff6b979291
- kind: project-relative
  target: claude
  value: .claude/skills/kolu/TUI.md
  runtime: null
  scope: project
  owners:
  - juspay/kolu/agents
  active_owner: juspay/kolu/agents
  content_hash: sha256:e7a206b1f1d2738bdaf2e2af3bdfdb785da94872df03d45e7ac47ae92361244c
- kind: project-relative
  target: claude
  value: .claude/skills/lens-debate
  runtime: null
  scope: project
  owners:
  - juspay/kolu/agents
  active_owner: juspay/kolu/agents
  content_hash: null
- kind: project-relative
  target: claude
  value: .claude/skills/lens-debate/RATIONALE.md
  runtime: null
  scope: project
  owners:
  - juspay/kolu/agents
  active_owner: juspay/kolu/agents
  content_hash: sha256:5d27af06f554fb81fc344450f2d5031a097287c3282f19945eec2b55712a656a
- kind: project-relative
  target: claude
  value: .claude/skills/lens-debate/SKILL.md
  runtime: null
  scope: project
  owners:
  - juspay/kolu/agents
  active_owner: juspay/kolu/agents
  content_hash: sha256:831fa9c049e0bd12ac5a432f488369c9655ff0e0b92fb014bfcab0728461bd6d
- kind: project-relative
  target: claude
  value: .claude/skills/lowy
  runtime: null
  scope: project
  owners:
  - srid/agency
  active_owner: srid/agency
  content_hash: null
- kind: project-relative
  target: claude
  value: .claude/skills/lowy/SKILL.md
  runtime: null
  scope: project
  owners:
  - srid/agency
  active_owner: srid/agency
  content_hash: sha256:9f17781cbe4f3e912f6a9d493e218e14cd1324d20228c64ba7ef07b7258d76db
- kind: project-relative
  target: claude
  value: .claude/skills/odu
  runtime: null
  scope: project
  owners:
  - juspay/odu
  - .
  active_owner: juspay/odu
  content_hash: null
- kind: project-relative
  target: claude
  value: .claude/skills/odu-mcp
  runtime: null
  scope: project
  owners:
  - juspay/odu
  - .
  active_owner: juspay/odu
  content_hash: null
- kind: project-relative
  target: claude
  value: .claude/skills/odu-mcp/SKILL.md
  runtime: null
  scope: project
  owners:
  - juspay/odu
  - .
  active_owner: juspay/odu
  content_hash: sha256:429d55a46af84fb231b47fc95fd65706ea2282ed05b5dc59d2acacba0a3c8765
- kind: project-relative
  target: claude
  value: .claude/skills/odu-mcp/bin/serve
  runtime: null
  scope: project
  owners:
  - juspay/odu
  - .
  active_owner: juspay/odu
  content_hash: sha256:6152e8fc4d3478b70a5cd547c172be596787e600b5757233fb82b307186b9e26
- kind: project-relative
  target: claude
  value: .claude/skills/odu/SKILL.md
  runtime: null
  scope: project
  owners:
  - juspay/odu
  - .
  active_owner: juspay/odu
  content_hash: sha256:7fab2d6c20f311549f2cd4b018383cf3317e860ed936f59eea1cad899f10bc50
- kind: project-relative
  target: claude
  value: .claude/skills/perfection-review
  runtime: null
  scope: project
  owners:
  - juspay/kolu/agents
  active_owner: juspay/kolu/agents
  content_hash: null
- kind: project-relative
  target: claude
  value: .claude/skills/perfection-review/SKILL.md
  runtime: null
  scope: project
  owners:
  - juspay/kolu/agents
  active_owner: juspay/kolu/agents
  content_hash: sha256:81e96416552beaa8a59299007bfd0280e008c2b41290cb2f9b7e8efa20ec0056
- kind: project-relative
  target: claude
  value: .claude/skills/pu
  runtime: null
  scope: project
  owners:
  - juspay/project-unknown
  active_owner: juspay/project-unknown
  content_hash: null
- kind: project-relative
  target: claude
  value: .claude/skills/pu/SKILL.md
  runtime: null
  scope: project
  owners:
  - juspay/project-unknown
  active_owner: juspay/project-unknown
  content_hash: sha256:8d454e5105c9e1d74ffb9cfde5d08cadcbd73b62da9ffadf1127b79dcd505e97
- kind: project-relative
  target: claude
  value: .claude/skills/ralph
  runtime: null
  scope: project
  owners:
  - srid/agency
  active_owner: srid/agency
  content_hash: null
- kind: project-relative
  target: claude
  value: .claude/skills/ralph/SKILL.md
  runtime: null
  scope: project
  owners:
  - srid/agency
  active_owner: srid/agency
  content_hash: sha256:1b2c547102584c87384b90b291536bedc0494dcb8382ac776bd0a3cec0fe1b4a
- kind: project-relative
  target: claude
  value: .claude/skills/surface
  runtime: null
  scope: project
  owners:
  - juspay/kolu/agents
  active_owner: juspay/kolu/agents
  content_hash: null
- kind: project-relative
  target: claude
  value: .claude/skills/surface/SKILL.md
  runtime: null
  scope: project
  owners:
  - juspay/kolu/agents
  active_owner: juspay/kolu/agents
  content_hash: sha256:2bb20756fe7292b5b6f00ed77cb7f9d4239c41d6751bf460a93266927f112eea
- kind: project-relative
  target: claude
  value: .claude/skills/talk
  runtime: null
  scope: project
  owners:
  - srid/agency
  active_owner: srid/agency
  content_hash: null
- kind: project-relative
  target: claude
  value: .claude/skills/talk/SKILL.md
  runtime: null
  scope: project
  owners:
  - srid/agency
  active_owner: srid/agency
  content_hash: sha256:ba059751cd4b3c1c52221554719bfe1fc5da56540694cb8e793ae0c19e210377
- kind: uri
  target: mcp
  value: kolu
  runtime: claude
  scope: project
  owners:
  - .
  active_owner: .
  content_hash: null
- kind: uri
  target: mcp
  value: odu
  runtime: claude
  scope: project
  owners:
  - .
  active_owner: .
  content_hash: null
mcp_servers:
- kolu
- odu
mcp_configs:
  kolu:
    name: kolu
    transport: stdio
    args:
    - mcp
    registry: false
    command: kolu
    env_vars:
    - PADI_SOCKET
  odu:
    name: odu
    transport: stdio
    registry: false
    command: .agents/skills/odu-mcp/bin/serve
mcp_target_servers:
  claude:
  - kolu
  - odu
mcp_config_provenance:
  kolu: agents
local_deployed_files:
- .claude/skills/odu
- .claude/skills/odu-mcp
- .claude/skills/odu-mcp/SKILL.md
- .claude/skills/odu-mcp/bin/serve
- .claude/skills/odu/SKILL.md
local_deployed_file_hashes:
  .claude/skills/odu-mcp/SKILL.md: sha256:429d55a46af84fb231b47fc95fd65706ea2282ed05b5dc59d2acacba0a3c8765
  .claude/skills/odu-mcp/bin/serve: sha256:6152e8fc4d3478b70a5cd547c172be596787e600b5757233fb82b307186b9e26
  .claude/skills/odu/SKILL.md: sha256:7fab2d6c20f311549f2cd4b018383cf3317e860ed936f59eea1cad899f10bc50
